// !$*UTF8*$!
{
	archiveVersion = 1;
	classes = {
	};
	objectVersion = 55;
	objects = {

/* Begin PBXBuildFile section */
		8789EB47ABD82B143484197E /* Pods_appFormat.framework in Frameworks */ = {isa = PBXBuildFile; fileRef = C4FD7B378F89308893943A79 /* Pods_appFormat.framework */; };
		EC7FDAE228A3347E0024F20D /* AppDelegate.swift in Sources */ = {isa = PBXBuildFile; fileRef = EC7FDAE128A3347E0024F20D /* AppDelegate.swift */; };
		EC7FDAE428A3347E0024F20D /* SceneDelegate.swift in Sources */ = {isa = PBXBuildFile; fileRef = EC7FDAE328A3347E0024F20D /* SceneDelegate.swift */; };
		EC7FDAE628A3347E0024F20D /* ViewController.swift in Sources */ = {isa = PBXBuildFile; fileRef = EC7FDAE528A3347E0024F20D /* ViewController.swift */; };
		EC7FDAE928A3347E0024F20D /* Main.storyboard in Resources */ = {isa = PBXBuildFile; fileRef = EC7FDAE728A3347E0024F20D /* Main.storyboard */; };
		EC7FDAEB28A3347F0024F20D /* Assets.xcassets in Resources */ = {isa = PBXBuildFile; fileRef = EC7FDAEA28A3347F0024F20D /* Assets.xcassets */; };
		EC7FDAEE28A3347F0024F20D /* LaunchScreen.storyboard in Resources */ = {isa = PBXBuildFile; fileRef = EC7FDAEC28A3347F0024F20D /* LaunchScreen.storyboard */; };
/* End PBXBuildFile section */

/* Begin PBXFileReference section */
		444B2A26D57D9D20096729E3 /* Pods-appFormat.release.xcconfig */ = {isa = PBXFileReference; includeInIndex = 1; lastKnownFileType = text.xcconfig; name = "Pods-appFormat.release.xcconfig"; path = "Target Support Files/Pods-appFormat/Pods-appFormat.release.xcconfig"; sourceTree = "<group>"; };
		A7876DA4CFB8C2A4BFB8782F /* Pods-appFormat.debug.xcconfig */ = {isa = PBXFileReference; includeInIndex = 1; lastKnownFileType = text.xcconfig; name = "Pods-appFormat.debug.xcconfig"; path = "Target Support Files/Pods-appFormat/Pods-appFormat.debug.xcconfig"; sourceTree = "<group>"; };
		C4FD7B378F89308893943A79 /* Pods_appFormat.framework */ = {isa = PBXFileReference; explicitFileType = wrapper.framework; includeInIndex = 0; path = Pods_appFormat.framework; sourceTree = BUILT_PRODUCTS_DIR; };
		EC7FDADE28A3347E0024F20D /* appFormat.app */ = {isa = PBXFileReference; explicitFileType = wrapper.application; includeInIndex = 0; path = appFormat.app; sourceTree = BUILT_PRODUCTS_DIR; };
		EC7FDAE128A3347E0024F20D /* AppDelegate.swift */ = {isa = PBXFileReference; lastKnownFileType = sourcecode.swift; path = AppDelegate.swift; sourceTree = "<group>"; };
		EC7FDAE328A3347E0024F20D /* SceneDelegate.swift */ = {isa = PBXFileReference; lastKnownFileType = sourcecode.swift; path = SceneDelegate.swift; sourceTree = "<group>"; };
		EC7FDAE528A3347E0024F20D /* ViewController.swift */ = {isa = PBXFileReference; lastKnownFileType = sourcecode.swift; path = ViewController.swift; sourceTree = "<group>"; };
		EC7FDAE828A3347E0024F20D /* Base */ = {isa = PBXFileReference; lastKnownFileType = file.storyboard; name = Base; path = Base.lproj/Main.storyboard; sourceTree = "<group>"; };
		EC7FDAEA28A3347F0024F20D /* Assets.xcassets */ = {isa = PBXFileReference; lastKnownFileType = folder.assetcatalog; path = Assets.xcassets; sourceTree = "<group>"; };
		EC7FDAED28A3347F0024F20D /* Base */ = {isa = PBXFileReference; lastKnownFileType = file.storyboard; name = Base; path = Base.lproj/LaunchScreen.storyboard; sourceTree = "<group>"; };
		EC7FDAEF28A3347F0024F20D /* Info.plist */ = {isa = PBXFileReference; lastKnownFileType = text.plist.xml; path = Info.plist; sourceTree = "<group>"; };
/* End PBXFileReference section */

/* Begin PBXFrameworksBuildPhase section */
		EC7FDADB28A3347E0024F20D /* Frameworks */ = {
			isa = PBXFrameworksBuildPhase;
			buildActionMask = 2147483647;
			files = (
				8789EB47ABD82B143484197E /* Pods_appFormat.framework in Frameworks */,
			);
			runOnlyForDeploymentPostprocessing = 0;
		};
/* End PBXFrameworksBuildPhase section */

/* Begin PBXGroup section */
		E919570D32D41833E4E2B447 /* Pods */ = {
			isa = PBXGroup;
			children = (
				A7876DA4CFB8C2A4BFB8782F /* Pods-appFormat.debug.xcconfig */,
				444B2A26D57D9D20096729E3 /* Pods-appFormat.release.xcconfig */,
			);
			name = Pods;
			path = Pods;
			sourceTree = "<group>";
		};
		EB0DF36E009C400B7C952966 /* Frameworks */ = {
			isa = PBXGroup;
			children = (
				C4FD7B378F89308893943A79 /* Pods_appFormat.framework */,
			);
			name = Frameworks;
			sourceTree = "<group>";
		};
		EC7FDAD528A3347E0024F20D = {
			isa = PBXGroup;
			children = (
				EC7FDAE028A3347E0024F20D /* appFormat */,
				EC7FDADF28A3347E0024F20D /* Products */,
				E919570D32D41833E4E2B447 /* Pods */,
				EB0DF36E009C400B7C952966 /* Frameworks */,
			);
			sourceTree = "<group>";
		};
		EC7FDADF28A3347E0024F20D /* Products */ = {
			isa = PBXGroup;
			children = (
				EC7FDADE28A3347E0024F20D /* appFormat.app */,
			);
			name = Products;
			sourceTree = "<group>";
		};
		EC7FDAE028A3347E0024F20D /* appFormat */ = {
			isa = PBXGroup;
			children = (
				EC7FDAE128A3347E0024F20D /* AppDelegate.swift */,
				EC7FDAE328A3347E0024F20D /* SceneDelegate.swift */,
				EC7FDAE528A3347E0024F20D /* ViewController.swift */,
				EC7FDAE728A3347E0024F20D /* Main.storyboard */,
				EC7FDAEA28A3347F0024F20D /* Assets.xcassets */,
				EC7FDAEC28A3347F0024F20D /* LaunchScreen.storyboard */,
				EC7FDAEF28A3347F0024F20D /* Info.plist */,
			);
			path = appFormat;
			sourceTree = "<group>";
		};
/* End PBXGroup section */

/* Begin PBXNativeTarget section */
		EC7FDADD28A3347E0024F20D /* appFormat */ = {
			isa = PBXNativeTarget;
			buildConfigurationList = EC7FDAF228A3347F0024F20D /* Build configuration list for PBXNativeTarget "appFormat" */;
			buildPhases = (
				6F9AA39DEE6606E880B8E410 /* [CP] Check Pods Manifest.lock */,
				EC7FDADA28A3347E0024F20D /* Sources */,
				EC7FDADB28A3347E0024F20D /* Frameworks */,
				EC7FDADC28A3347E0024F20D /* Resources */,
			);
			buildRules = (
			);
			dependencies = (
			);
			name = appFormat;
			productName = appFormat;
			productReference = EC7FDADE28A3347E0024F20D /* appFormat.app */;
			productType = "com.apple.product-type.application";
		};
/* End PBXNativeTarget section */

/* Begin PBXProject section */
		EC7FDAD628A3347E0024F20D /* Project object */ = {
			isa = PBXProject;
			attributes = {
				BuildIndependentTargetsInParallel = 1;
				LastSwiftUpdateCheck = 1340;
				LastUpgradeCheck = 1340;
				TargetAttributes = {
					EC7FDADD28A3347E0024F20D = {
						CreatedOnToolsVersion = 13.4.1;
					};
				};
			};
			buildConfigurationList = EC7FDAD928A3347E0024F20D /* Build configuration list for PBXProject "appFormat" */;
			compatibilityVersion = "Xcode 13.0";
			developmentRegion = en;
			hasScannedForEncodings = 0;
			knownRegions = (
				en,
				Base,
			);
			mainGroup = EC7FDAD528A3347E0024F20D;
			productRefGroup = EC7FDADF28A3347E0024F20D /* Products */;
			projectDirPath = "";
			projectRoot = "";
			targets = (
				EC7FDADD28A3347E0024F20D /* appFormat */,
			);
		};
/* End PBXProject section */

/* Begin PBXResourcesBuildPhase section */
		EC7FDADC28A3347E0024F20D /* Resources */ = {
			isa = PBXResourcesBuildPhase;
			buildActionMask = 2147483647;
			files = (
				EC7FDAEE28A3347F0024F20D /* LaunchScreen.storyboard in Resources */,
				EC7FDAEB28A3347F0024F20D /* Assets.xcassets in Resources */,
				EC7FDAE928A3347E0024F20D /* Main.storyboard in Resources */,
			);
			runOnlyForDeploymentPostprocessing = 0;
		};
/* End PBXResourcesBuildPhase section */

/* Begin PBXShellScriptBuildPhase section */
		6F9AA39DEE6606E880B8E410 /* [CP] Check Pods Manifest.lock */ = {
			isa = PBXShellScriptBuildPhase;
			buildActionMask = 2147483647;
			files = (
			);
			inputFileListPaths = (
			);
			inputPaths = (
				"${PODS_PODFILE_DIR_PATH}/Podfile.lock",
				"${PODS_ROOT}/Manifest.lock",
			);
			name = "[CP] Check Pods Manifest.lock";
			outputFileListPaths = (
			);
			outputPaths = (
				"$(DERIVED_FILE_DIR)/Pods-appFormat-checkManifestLockResult.txt",
			);
			runOnlyForDeploymentPostprocessing = 0;
			shellPath = /bin/sh;
			shellScript = "diff \"${PODS_PODFILE_DIR_PATH}/Podfile.lock\" \"${PODS_ROOT}/Manifest.lock\" > /dev/null\nif [ $? != 0 ] ; then\n    # print error to STDERR\n    echo \"error: The sandbox is not in sync with the Podfile.lock. Run 'pod install' or update your CocoaPods installation.\" >&2\n    exit 1\nfi\n# This output is used by Xcode 'outputs' to avoid re-running this script phase.\necho \"SUCCESS\" > \"${SCRIPT_OUTPUT_FILE_0}\"\n";
			showEnvVarsInLog = 0;
		};
/* End PBXShellScriptBuildPhase section */

/* Begin PBXSourcesBuildPhase section */
		EC7FDADA28A3347E0024F20D /* Sources */ = {
			isa = PBXSourcesBuildPhase;
			buildActionMask = 2147483647;
			files = (
				EC7FDAE628A3347E0024F20D /* ViewController.swift in Sources */,
				EC7FDAE228A3347E0024F20D /* AppDelegate.swift in Sources */,
				EC7FDAE428A3347E0024F20D /* SceneDelegate.swift in Sources */,
			);
			runOnlyForDeploymentPostprocessing = 0;
		};
/* End PBXSourcesBuildPhase section */

/* Begin PBXVariantGroup section */
		EC7FDAE728A3347E0024F20D /* Main.storyboard */ = {
			isa = PBXVariantGroup;
			children = (
				EC7FDAE828A3347E0024F20D /* Base */,
			);
			name = Main.storyboard;
			sourceTree = "<group>";
		};
		EC7FDAEC28A3347F0024F20D /* LaunchScreen.storyboard */ = {
			isa = PBXVariantGroup;
			children = (
				EC7FDAED28A3347F0024F20D /* Base */,
			);
			name = LaunchScreen.storyboard;
			sourceTree = "<group>";
		};
/* End PBXVariantGroup section */

/* Begin XCBuildConfiguration section */
		EC7FDAF028A3347F0024F20D /* Debug */ = {
			isa = XCBuildConfiguration;
			buildSettings = {
				ALWAYS_SEARCH_USER_PATHS = NO;
				CLANG_ANALYZER_NONNULL = YES;
				CLANG_ANALYZER_NUMBER_OBJECT_CONVERSION = YES_AGGRESSIVE;
				CLANG_CXX_LANGUAGE_STANDARD = "gnu++17";
				CLANG_ENABLE_MODULES = YES;
				CLANG_ENABLE_OBJC_ARC = YES;
				CLANG_ENABLE_OBJC_WEAK = YES;
				CLANG_WARN_BLOCK_CAPTURE_AUTORELEASING = YES;
				CLANG_WARN_BOOL_CONVERSION = YES;
				CLANG_WARN_COMMA = YES;
				CLANG_WARN_CONSTANT_CONVERSION = YES;
				CLANG_WARN_DEPRECATED_OBJC_IMPLEMENTATIONS = YES;
				CLANG_WARN_DIRECT_OBJC_ISA_USAGE = YES_ERROR;
				CLANG_WARN_DOCUMENTATION_COMMENTS = YES;
				CLANG_WARN_EMPTY_BODY = YES;
				CLANG_WARN_ENUM_CONVERSION = YES;
				CLANG_WARN_INFINITE_RECURSION = YES;
				CLANG_WARN_INT_CONVERSION = YES;
				CLANG_WARN_NON_LITERAL_NULL_CONVERSION = YES;
				CLANG_WARN_OBJC_IMPLICIT_RETAIN_SELF = YES;
				CLANG_WARN_OBJC_LITERAL_CONVERSION = YES;
				CLANG_WARN_OBJC_ROOT_CLASS = YES_ERROR;
				CLANG_WARN_QUOTED_INCLUDE_IN_FRAMEWORK_HEADER = YES;
				CLANG_WARN_RANGE_LOOP_ANALYSIS = YES;
				CLANG_WARN_STRICT_PROTOTYPES = YES;
				CLANG_WARN_SUSPICIOUS_MOVE = YES;
				CLANG_WARN_UNGUARDED_AVAILABILITY = YES_AGGRESSIVE;
				CLANG_WARN_UNREACHABLE_CODE = YES;
				CLANG_WARN__DUPLICATE_METHOD_MATCH = YES;
				COPY_PHASE_STRIP = NO;
				DEBUG_INFORMATION_FORMAT = dwarf;
				ENABLE_STRICT_OBJC_MSGSEND = YES;
				ENABLE_TESTABILITY = YES;
				GCC_C_LANGUAGE_STANDARD = gnu11;
				GCC_DYNAMIC_NO_PIC = NO;
				GCC_NO_COMMON_BLOCKS = YES;
				GCC_OPTIMIZATION_LEVEL = 0;
				GCC_PREPROCESSOR_DEFINITIONS = (
					"DEBUG=1",
					"$(inherited)",
				);
				GCC_WARN_64_TO_32_BIT_CONVERSION = YES;
				GCC_WARN_ABOUT_RETURN_TYPE = YES_ERROR;
				GCC_WARN_UNDECLARED_SELECTOR = YES;
				GCC_WARN_UNINITIALIZED_AUTOS = YES_AGGRESSIVE;
				GCC_WARN_UNUSED_FUNCTION = YES;
				GCC_WARN_UNUSED_VARIABLE = YES;
				IPHONEOS_DEPLOYMENT_TARGET = 15.5;
				MTL_ENABLE_DEBUG_INFO = INCLUDE_SOURCE;
				MTL_FAST_MATH = YES;
				ONLY_ACTIVE_ARCH = YES;
				SDKROOT = iphoneos;
				SWIFT_ACTIVE_COMPILATION_CONDITIONS = DEBUG;
				SWIFT_OPTIMIZATION_LEVEL = "-Onone";
			};
			name = Debug;
		};
		EC7FDAF128A3347F0024F20D /* Release */ = {
			isa = XCBuildConfiguration;
			buildSettings = {
				ALWAYS_SEARCH_USER_PATHS = NO;
				CLANG_ANALYZER_NONNULL = YES;
				CLANG_ANALYZER_NUMBER_OBJECT_CONVERSION = YES_AGGRESSIVE;
				CLANG_CXX_LANGUAGE_STANDARD = "gnu++17";
				CLANG_ENABLE_MODULES = YES;
				CLANG_ENABLE_OBJC_ARC = YES;
				CLANG_ENABLE_OBJC_WEAK = YES;
				CLANG_WARN_BLOCK_CAPTURE_AUTORELEASING = YES;
				CLANG_WARN_BOOL_CONVERSION = YES;
				CLANG_WARN_COMMA = YES;
				CLANG_WARN_CONSTANT_CONVERSION = YES;
				CLANG_WARN_DEPRECATED_OBJC_IMPLEMENTATIONS = YES;
				CLANG_WARN_DIRECT_OBJC_ISA_USAGE = YES_ERROR;
				CLANG_WARN_DOCUMENTATION_COMMENTS = YES;
				CLANG_WARN_EMPTY_BODY = YES;
				CLANG_WARN_ENUM_CONVERSION = YES;
				CLANG_WARN_INFINITE_RECURSION = YES;
				CLANG_WARN_INT_CONVERSION = YES;
				CLANG_WARN_NON_LITERAL_NULL_CONVERSION = YES;
				CLANG_WARN_OBJC_IMPLICIT_RETAIN_SELF = YES;
				CLANG_WARN_OBJC_LITERAL_CONVERSION = YES;
				CLANG_WARN_OBJC_ROOT_CLASS = YES_ERROR;
				CLANG_WARN_QUOTED_INCLUDE_IN_FRAMEWORK_HEADER = YES;
				CLANG_WARN_RANGE_LOOP_ANALYSIS = YES;
				CLANG_WARN_STRICT_PROTOTYPES = YES;
				CLANG_WARN_SUSPICIOUS_MOVE = YES;
				CLANG_WARN_UNGUARDED_AVAILABILITY = YES_AGGRESSIVE;
				CLANG_WARN_UNREACHABLE_CODE = YES;
				CLANG_WARN__DUPLICATE_METHOD_MATCH = YES;
				COPY_PHASE_STRIP = NO;
				DEBUG_INFORMATION_FORMAT = "dwarf-with-dsym";
				ENABLE_NS_ASSERTIONS = NO;
				ENABLE_STRICT_OBJC_MSGSEND = YES;
				GCC_C_LANGUAGE_STANDARD = gnu11;
				GCC_NO_COMMON_BLOCKS = YES;
				GCC_WARN_64_TO_32_BIT_CONVERSION = YES;
				GCC_WARN_ABOUT_RETURN_TYPE = YES_ERROR;
				GCC_WARN_UNDECLARED_SELECTOR = YES;
				GCC_WARN_UNINITIALIZED_AUTOS = YES_AGGRESSIVE;
				GCC_WARN_UNUSED_FUNCTION = YES;
				GCC_WARN_UNUSED_VARIABLE = YES;
				IPHONEOS_DEPLOYMENT_TARGET = 15.5;
				MTL_ENABLE_DEBUG_INFO = NO;
				MTL_FAST_MATH = YES;
				SDKROOT = iphoneos;
				SWIFT_COMPILATION_MODE = wholemodule;
				SWIFT_OPTIMIZATION_LEVEL = "-O";
				VALIDATE_PRODUCT = YES;
			};
			name = Release;
		};
		EC7FDAF328A3347F0024F20D /* Debug */ = {
			isa = XCBuildConfiguration;
			baseConfigurationReference = A7876DA4CFB8C2A4BFB8782F /* Pods-appFormat.debug.xcconfig */;
			buildSettings = {
				ASSETCATALOG_COMPILER_APPICON_NAME = AppIcon;
				ASSETCATALOG_COMPILER_GLOBAL_ACCENT_COLOR_NAME = AccentColor;
				CODE_SIGN_STYLE = Automatic;
				CURRENT_PROJECT_VERSION = 1;
				DEVELOPMENT_TEAM = YR2TPNW585;
				GENERATE_INFOPLIST_FILE = YES;
				INFOPLIST_FILE = appFormat/Info.plist;
				INFOPLIST_KEY_UIApplicationSupportsIndirectInputEvents = YES;
				INFOPLIST_KEY_UILaunchStoryboardName = LaunchScreen;
				INFOPLIST_KEY_UIMainStoryboardFile = Main;
				INFOPLIST_KEY_UISupportedInterfaceOrientations_iPad = "UIInterfaceOrientationPortrait UIInterfaceOrientationPortraitUpsideDown UIInterfaceOrientationLandscapeLeft UIInterfaceOrientationLandscapeRight";
				INFOPLIST_KEY_UISupportedInterfaceOrientations_iPhone = "UIInterfaceOrientationPortrait UIInterfaceOrientationLandscapeLeft UIInterfaceOrientationLandscapeRight";
				LD_RUNPATH_SEARCH_PATHS = (
					"$(inherited)",
					"@executable_path/Frameworks",
				);
				MARKETING_VERSION = 1.0;
				PRODUCT_BUNDLE_IDENTIFIER = com200dev.appFormat;
				PRODUCT_NAME = "$(TARGET_NAME)";
				SWIFT_EMIT_LOC_STRINGS = YES;
				SWIFT_VERSION = 5.0;
				TARGETED_DEVICE_FAMILY = "1,2";
			};
			name = Debug;
		};
		EC7FDAF428A3347F0024F20D /* Release */ = {
			isa = XCBuildConfiguration;
			baseConfigurationReference = 444B2A26D57D9D20096729E3 /* Pods-appFormat.release.xcconfig */;
			buildSettings = {
				ASSETCATALOG_COMPILER_APPICON_NAME = AppIcon;
				ASSETCATALOG_COMPILER_GLOBAL_ACCENT_COLOR_NAME = AccentColor;
				CODE_SIGN_STYLE = Automatic;
				CURRENT_PROJECT_VERSION = 1;
				DEVELOPMENT_TEAM = YR2TPNW585;
				GENERATE_INFOPLIST_FILE = YES;
				INFOPLIST_FILE = appFormat/Info.plist;
				INFOPLIST_KEY_UIApplicationSupportsIndirectInputEvents = YES;
				INFOPLIST_KEY_UILaunchStoryboardName = LaunchScreen;
				INFOPLIST_KEY_UIMainStoryboardFile = Main;
				INFOPLIST_KEY_UISupportedInterfaceOrientations_iPad = "UIInterfaceOrientationPortrait UIInterfaceOrientationPortraitUpsideDown UIInterfaceOrientationLandscapeLeft UIInterfaceOrientationLandscapeRight";
				INFOPLIST_KEY_UISupportedInterfaceOrientations_iPhone = "UIInterfaceOrientationPortrait UIInterfaceOrientationLandscapeLeft UIInterfaceOrientationLandscapeRight";
				LD_RUNPATH_SEARCH_PATHS = (
					"$(inherited)",
					"@executable_path/Frameworks",
				);
				MARKETING_VERSION = 1.0;
				PRODUCT_BUNDLE_IDENTIFIER = com200dev.appFormat;
				PRODUCT_NAME = "$(TARGET_NAME)";
				SWIFT_EMIT_LOC_STRINGS = YES;
				SWIFT_VERSION = 5.0;
				TARGETED_DEVICE_FAMILY = "1,2";
			};
			name = Release;
		};
/* End XCBuildConfiguration section */

/* Begin XCConfigurationList section */
		EC7FDAD928A3347E0024F20D /* Build configuration list for PBXProject "appFormat" */ = {
			isa = XCConfigurationList;
			buildConfigurations = (
				EC7FDAF028A3347F0024F20D /* Debug */,
				EC7FDAF128A3347F0024F20D /* Release */,
			);
			defaultConfigurationIsVisible = 0;
			defaultConfigurationName = Release;
		};
		EC7FDAF228A3347F0024F20D /* Build configuration list for PBXNativeTarget "appFormat" */ = {
			isa = XCConfigurationList;
			buildConfigurations = (
				EC7FDAF328A3347F0024F20D /* Debug */,
				EC7FDAF428A3347F0024F20D /* Release */,
			);
			defaultConfigurationIsVisible = 0;
			defaultConfigurationName = Release;
		};
/* End XCConfigurationList section */
	};
	rootObject = EC7FDAD628A3347E0024F20D /* Project object */;
}
